schema: '2.0'
stages:
  prepare:
    cmd: python3.11 src/prepare.py data/prepared
    deps:
    - path: data/raw
      hash: md5
      md5: 03cb0ddfa7dd16f3cce9c2d9f9b7902d.dir
      size: 186301098
      nfiles: 4
    - path: src/prepare.py
      hash: md5
      md5: e35e0c89dfe617a99c009d08eaaa3227
      size: 4170
    - path: src/utils/seed.py
      hash: md5
      md5: 3a792a2e3aece6c04c2756bc133a5cd1
      size: 438
    params:
      params.yaml:
        prepare:
          seed: 77
          split: 0.2
          image_size:
          - 32
          - 32
          grayscale: false
    outs:
    - path: data/prepared
      hash: md5
      md5: 1d80b22634ee592f7508cd8fd84d2940.dir
      size: 737951144
      nfiles: 11
  train:
    cmd: python3.11 src/train.py data/prepared model
    deps:
    - path: data/prepared
      hash: md5
      md5: 1d80b22634ee592f7508cd8fd84d2940.dir
      size: 737951144
      nfiles: 11
    - path: src/train.py
      hash: md5
      md5: 82ad9d0abcddfdaaeb8065f23e14c7ac
      size: 2565
    - path: src/utils/seed.py
      hash: md5
      md5: 3a792a2e3aece6c04c2756bc133a5cd1
      size: 438
    params:
      params.yaml:
        train:
          seed: 77
          lr: 0.0001
          epochs: 5
          conv_size: 32
          dense_size: 64
          output_classes: 100
    outs:
    - path: model
      hash: md5
      md5: e70e5ad47119ea95dfcf1d28548f578e.dir
      size: 2578080
      nfiles: 2
  evaluate:
    cmd: python3.11 src/evaluate.py model data/prepared
    deps:
    - path: model
      hash: md5
      md5: e70e5ad47119ea95dfcf1d28548f578e.dir
      size: 2578080
      nfiles: 2
    - path: src/evaluate.py
      hash: md5
      md5: 9252ff4fb885dff9799d906021b0fe7a
      size: 5199
    outs:
    - path: evaluation/metrics.json
      hash: md5
      md5: 2d2922d683c66395ba3e978e4209edab
      size: 63
    - path: evaluation/plots/confusion_matrix.png
      hash: md5
      md5: 2bcea08c2f5576bd24328a6c247bfc43
      size: 1295707
    - path: evaluation/plots/pred_preview.png
      hash: md5
      md5: 780caf917fa958d726128d0886d60df3
      size: 64998
    - path: evaluation/plots/training_history.png
      hash: md5
      md5: feb04080a60344ee1fbdfc265b2265fd
      size: 37638
